
Microsoft Visual Studio Solution File, Format Version 12.00
# Visual Studio Version 17
VisualStudioVersion = 17.1.32407.343
MinimumVisualStudioVersion = 10.0.40219.1
Project("{9A19103F-16F7-4668-BE54-9A1E7A4F7556}") = "Learnings", "Learnings\Learnings.csproj", "{48A54D92-491D-47C3-8F42-5F2FA22E71F8}"
EndProject
Project("{9A19103F-16F7-4668-BE54-9A1E7A4F7556}") = "SampleWPF", "SampleWPF\SampleWPF.csproj", "{3CBFE38D-35CB-437D-A81C-87FFA4323AFE}"
EndProject
Project("{9A19103F-16F7-4668-BE54-9A1E7A4F7556}") = "Practice", "Practice\Practice.csproj", "{C2B9F572-8C14-44DE-8559-14EDBCCFF455}"
EndProject
Project("{FAE04EC0-301F-11D3-BF4B-00C04F79EFBC}") = "WebApp", "WebApp\WebApp.csproj", "{86FEB1DE-9505-4B3F-9458-C72E6314AA65}"
EndProject
Project("{FAE04EC0-301F-11D3-BF4B-00C04F79EFBC}") = "GoF", "GoF\GoF.csproj", "{B073886D-C7DD-44ED-9773-F4E72297750E}"
EndProject
Global
	GlobalSection(SolutionConfigurationPlatforms) = preSolution
		Debug|Any CPU = Debug|Any CPU
		Release|Any CPU = Release|Any CPU
	EndGlobalSection
	GlobalSection(ProjectConfigurationPlatforms) = postSolution
		{48A54D92-491D-47C3-8F42-5F2FA22E71F8}.Debug|Any CPU.ActiveCfg = Debug|Any CPU
		{48A54D92-491D-47C3-8F42-5F2FA22E71F8}.Debug|Any CPU.Build.0 = Debug|Any CPU
		{48A54D92-491D-47C3-8F42-5F2FA22E71F8}.Release|Any CPU.ActiveCfg = Release|Any CPU
		{48A54D92-491D-47C3-8F42-5F2FA22E71F8}.Release|Any CPU.Build.0 = Release|Any CPU
		{3CBFE38D-35CB-437D-A81C-87FFA4323AFE}.Debug|Any CPU.ActiveCfg = Debug|Any CPU
		{3CBFE38D-35CB-437D-A81C-87FFA4323AFE}.Debug|Any CPU.Build.0 = Debug|Any CPU
		{3CBFE38D-35CB-437D-A81C-87FFA4323AFE}.Release|Any CPU.ActiveCfg = Release|Any CPU
		{3CBFE38D-35CB-437D-A81C-87FFA4323AFE}.Release|Any CPU.Build.0 = Release|Any CPU
		{C2B9F572-8C14-44DE-8559-14EDBCCFF455}.Debug|Any CPU.ActiveCfg = Debug|Any CPU
		{C2B9F572-8C14-44DE-8559-14EDBCCFF455}.Debug|Any CPU.Build.0 = Debug|Any CPU
		{C2B9F572-8C14-44DE-8559-14EDBCCFF455}.Release|Any CPU.ActiveCfg = Release|Any CPU
		{C2B9F572-8C14-44DE-8559-14EDBCCFF455}.Release|Any CPU.Build.0 = Release|Any CPU
		{86FEB1DE-9505-4B3F-9458-C72E6314AA65}.Debug|Any CPU.ActiveCfg = Debug|Any CPU
		{86FEB1DE-9505-4B3F-9458-C72E6314AA65}.Debug|Any CPU.Build.0 = Debug|Any CPU
		{86FEB1DE-9505-4B3F-9458-C72E6314AA65}.Release|Any CPU.ActiveCfg = Release|Any CPU
		{86FEB1DE-9505-4B3F-9458-C72E6314AA65}.Release|Any CPU.Build.0 = Release|Any CPU
		{B073886D-C7DD-44ED-9773-F4E72297750E}.Debug|Any CPU.ActiveCfg = Debug|Any CPU
		{B073886D-C7DD-44ED-9773-F4E72297750E}.Debug|Any CPU.Build.0 = Debug|Any CPU
		{B073886D-C7DD-44ED-9773-F4E72297750E}.Release|Any CPU.ActiveCfg = Release|Any CPU
		{B073886D-C7DD-44ED-9773-F4E72297750E}.Release|Any CPU.Build.0 = Release|Any CPU
	EndGlobalSection
	GlobalSection(SolutionProperties) = preSolution
		HideSolutionNode = FALSE
	EndGlobalSection
	GlobalSection(ExtensibilityGlobals) = postSolution
		SolutionGuid = {F531AE7C-3913-4EC3-AA69-BA6C79E5D2A6}
	EndGlobalSection
EndGlobal
